PODS:
  - MZAppearance (1.1.6)
  - TPKeyboardAvoiding (1.3)

DEPENDENCIES:
  - MZAppearance
  - TPKeyboardAvoiding

SPEC CHECKSUMS:
  MZAppearance: 0c06d3fa9cc55142f1da14bc8631fbe8fd6e19d5
  TPKeyboardAvoiding: a5138f318c06fb3e151f886e18ce4a72695d9cbe

PODFILE CHECKSUM: 63c011e2a18e35bdf206cc51e46daf4f3410ca19

COCOAPODS: 1.2.1
